
Microsoft Visual Studio Solution File, Format Version 12.00
# Visual Studio Version 17
VisualStudioVersion = 17.14.36616.10 d17.14
MinimumVisualStudioVersion = 10.0.40219.1
Project("{FAE04EC0-301F-11D3-BF4B-00C04F79EFBC}") = "RecieptCaptureApp", "RecieptCaptureApp.csproj", "{FD669765-B4AB-8E6E-18AB-5BCD0B81AC1A}"
EndProject
Global
	GlobalSection(SolutionConfigurationPlatforms) = preSolution
		Debug|Any CPU = Debug|Any CPU
		Release|Any CPU = Release|Any CPU
	EndGlobalSection
	GlobalSection(ProjectConfigurationPlatforms) = postSolution
		{FD669765-B4AB-8E6E-18AB-5BCD0B81AC1A}.Debug|Any CPU.ActiveCfg = Debug|Any CPU
		{FD669765-B4AB-8E6E-18AB-5BCD0B81AC1A}.Debug|Any CPU.Build.0 = Debug|Any CPU
		{FD669765-B4AB-8E6E-18AB-5BCD0B81AC1A}.Release|Any CPU.ActiveCfg = Release|Any CPU
		{FD669765-B4AB-8E6E-18AB-5BCD0B81AC1A}.Release|Any CPU.Build.0 = Release|Any CPU
	EndGlobalSection
	GlobalSection(SolutionProperties) = preSolution
		HideSolutionNode = FALSE
	EndGlobalSection
	GlobalSection(ExtensibilityGlobals) = postSolution
		SolutionGuid = {67D6871D-2F1A-4C99-A857-D4B7263F4E1F}
	EndGlobalSection
EndGlobal
